<?xml version="1.0" encoding="utf-8"?>
<Project ToolsVersion="4.0" xmlns="http://schemas.microsoft.com/developer/msbuild/2003">
  <ItemGroup>
    <Filter Include="소스 파일">
      <UniqueIdentifier>{4FC737F1-C7A5-4376-A066-2A32D752A2FF}</UniqueIdentifier>
      <Extensions>cpp;c;cc;cxx;def;odl;idl;hpj;bat;asm;asmx</Extensions>
    </Filter>
    <Filter Include="헤더 파일">
      <UniqueIdentifier>{93995380-89BD-4b04-88EB-625FBE52EBFB}</UniqueIdentifier>
      <Extensions>h;hh;hpp;hxx;hm;inl;inc;ipp;xsd</Extensions>
    </Filter>
    <Filter Include="리소스 파일">
      <UniqueIdentifier>{67DA6AB6-F800-4c08-8B7A-83BB121AAD01}</UniqueIdentifier>
      <Extensions>rc;ico;cur;bmp;dlg;rc2;rct;bin;rgs;gif;jpg;jpeg;jpe;resx;tiff;tif;png;wav;mfcribbon-ms</Extensions>
    </Filter>
  </ItemGroup>
  <ItemGroup>
    <ClCompile Include="Ex01.cpp">
      <Filter>소스 파일</Filter>
    </ClCompile>
    <ClCompile Include="Ex02.cpp">
      <Filter>소스 파일</Filter>
    </ClCompile>
    <ClCompile Include="Ex03.cpp">
      <Filter>소스 파일</Filter>
    </ClCompile>
    <ClCompile Include="Ex04.cpp">
      <Filter>소스 파일</Filter>
    </ClCompile>
    <ClCompile Include="Ex05.cpp">
      <Filter>소스 파일</Filter>
    </ClCompile>
    <ClCompile Include="Ex06.cpp">
      <Filter>소스 파일</Filter>
    </ClCompile>
    <ClCompile Include="Ex07.cpp">
      <Filter>소스 파일</Filter>
    </ClCompile>
    <ClCompile Include="Ex08.cpp">
      <Filter>소스 파일</Filter>
    </ClCompile>
    <ClCompile Include="Ex09.cpp">
      <Filter>소스 파일</Filter>
    </ClCompile>
    <ClCompile Include="Ex10.cpp">
      <Filter>소스 파일</Filter>
    </ClCompile>
    <ClCompile Include="Ex11.cpp">
      <Filter>소스 파일</Filter>
    </ClCompile>
    <ClCompile Include="Ex12.cpp">
      <Filter>소스 파일</Filter>
    </ClCompile>
    <ClCompile Include="Ex13.cpp">
      <Filter>소스 파일</Filter>
    </ClCompile>
    <ClCompile Include="Ex14.cpp">
      <Filter>소스 파일</Filter>
    </ClCompile>
    <ClCompile Include="Ex15.cpp">
      <Filter>소스 파일</Filter>
    </ClCompile>
    <ClCompile Include="Ex16.cpp">
      <Filter>소스 파일</Filter>
    </ClCompile>
    <ClCompile Include="Ex17.cpp">
      <Filter>소스 파일</Filter>
    </ClCompile>
    <ClCompile Include="Ex18.cpp">
      <Filter>소스 파일</Filter>
    </ClCompile>
    <ClCompile Include="Ex19.cpp">
      <Filter>소스 파일</Filter>
    </ClCompile>
    <ClCompile Include="Ex20.cpp">
      <Filter>소스 파일</Filter>
    </ClCompile>
    <ClCompile Include="Ex21.cpp">
      <Filter>소스 파일</Filter>
    </ClCompile>
    <ClCompile Include="Ex22.cpp">
      <Filter>소스 파일</Filter>
    </ClCompile>
    <ClCompile Include="Ex23.cpp">
      <Filter>소스 파일</Filter>
    </ClCompile>
    <ClCompile Include="Ex24.cpp">
      <Filter>소스 파일</Filter>
    </ClCompile>
    <ClCompile Include="Ex25.cpp">
      <Filter>소스 파일</Filter>
    </ClCompile>
    <ClCompile Include="Ex26.cpp">
      <Filter>소스 파일</Filter>
    </ClCompile>
    <ClCompile Include="Ex27.cpp">
      <Filter>소스 파일</Filter>
    </ClCompile>
    <ClCompile Include="Ex28.cpp">
      <Filter>소스 파일</Filter>
    </ClCompile>
    <ClCompile Include="Ex29.cpp">
      <Filter>소스 파일</Filter>
    </ClCompile>
    <ClCompile Include="Ex30.cpp">
      <Filter>소스 파일</Filter>
    </ClCompile>
    <ClCompile Include="Ex31.cpp">
      <Filter>소스 파일</Filter>
    </ClCompile>
    <ClCompile Include="Ex32.cpp">
      <Filter>소스 파일</Filter>
    </ClCompile>
    <ClCompile Include="Ex33.cpp">
      <Filter>소스 파일</Filter>
    </ClCompile>
    <ClCompile Include="Ex34.cpp">
      <Filter>소스 파일</Filter>
    </ClCompile>
    <ClCompile Include="Ex35.cpp">
      <Filter>소스 파일</Filter>
    </ClCompile>
    <ClCompile Include="Ex36.cpp">
      <Filter>소스 파일</Filter>
    </ClCompile>
    <ClCompile Include="Ex37.cpp">
      <Filter>소스 파일</Filter>
    </ClCompile>
    <ClCompile Include="Ex38.cpp">
      <Filter>소스 파일</Filter>
    </ClCompile>
    <ClCompile Include="Ex39.cpp">
      <Filter>소스 파일</Filter>
    </ClCompile>
    <ClCompile Include="Ex40.cpp">
      <Filter>소스 파일</Filter>
    </ClCompile>
    <ClCompile Include="Ex41.cpp">
      <Filter>소스 파일</Filter>
    </ClCompile>
    <ClCompile Include="Ex42.cpp">
      <Filter>소스 파일</Filter>
    </ClCompile>
    <ClCompile Include="Ex43.cpp">
      <Filter>소스 파일</Filter>
    </ClCompile>
    <ClCompile Include="Ex44.cpp">
      <Filter>소스 파일</Filter>
    </ClCompile>
    <ClCompile Include="Ex45.cpp">
      <Filter>소스 파일</Filter>
    </ClCompile>
    <ClCompile Include="Ex46.cpp">
      <Filter>소스 파일</Filter>
    </ClCompile>
    <ClCompile Include="Ex47.cpp">
      <Filter>소스 파일</Filter>
    </ClCompile>
    <ClCompile Include="Ex48.cpp">
      <Filter>소스 파일</Filter>
    </ClCompile>
    <ClCompile Include="Ex49.cpp">
      <Filter>소스 파일</Filter>
    </ClCompile>
    <ClCompile Include="Ex50.cpp">
      <Filter>소스 파일</Filter>
    </ClCompile>
    <ClCompile Include="Ex51.cpp">
      <Filter>소스 파일</Filter>
    </ClCompile>
    <ClCompile Include="Ex52.cpp">
      <Filter>소스 파일</Filter>
    </ClCompile>
    <ClCompile Include="Ex53.cpp">
      <Filter>소스 파일</Filter>
    </ClCompile>
    <ClCompile Include="Ex54.cpp">
      <Filter>소스 파일</Filter>
    </ClCompile>
    <ClCompile Include="Ex55.cpp">
      <Filter>소스 파일</Filter>
    </ClCompile>
    <ClCompile Include="Ex56.cpp">
      <Filter>소스 파일</Filter>
    </ClCompile>
    <ClCompile Include="Ex57.cpp">
      <Filter>소스 파일</Filter>
    </ClCompile>
    <ClCompile Include="Ex58.cpp">
      <Filter>소스 파일</Filter>
    </ClCompile>
    <ClCompile Include="Ex59.cpp">
      <Filter>소스 파일</Filter>
    </ClCompile>
    <ClCompile Include="Ex60.cpp">
      <Filter>소스 파일</Filter>
    </ClCompile>
    <ClCompile Include="Ex61.cpp">
      <Filter>소스 파일</Filter>
    </ClCompile>
    <ClCompile Include="Ex62.cpp">
      <Filter>소스 파일</Filter>
    </ClCompile>
  </ItemGroup>
  <ItemGroup>
    <Text Include="Ex60_outPut.txt" />
    <Text Include="Ex60_inPut.txt" />
  </ItemGroup>
</Project>